// !$*UTF8*$!
{
	archiveVersion = 1;
	classes = {
	};
	objectVersion = 55;
	objects = {

/* Begin PBXBuildFile section */
		2202FD5628AD6F6D007FD927 /* GoogleService-Info.plist in Resources */ = {isa = PBXBuildFile; fileRef = 2202FD5528AD6F6D007FD927 /* GoogleService-Info.plist */; };
		2242FA0B2A570408002A8153 /* Model.swift in Sources */ = {isa = PBXBuildFile; fileRef = 2242FA0A2A570408002A8153 /* Model.swift */; };
		2247BA78288C2EF3005E25AE /* onetimepadApp.swift in Sources */ = {isa = PBXBuildFile; fileRef = 2247BA77288C2EF3005E25AE /* onetimepadApp.swift */; };
		2247BA7A288C2EF3005E25AE /* ChatView.swift in Sources */ = {isa = PBXBuildFile; fileRef = 2247BA79288C2EF3005E25AE /* ChatView.swift */; };
		2247BA7C288C2EF5005E25AE /* Assets.xcassets in Resources */ = {isa = PBXBuildFile; fileRef = 2247BA7B288C2EF5005E25AE /* Assets.xcassets */; };
		2247BA7F288C2EF5005E25AE /* Preview Assets.xcassets in Resources */ = {isa = PBXBuildFile; fileRef = 2247BA7E288C2EF5005E25AE /* Preview Assets.xcassets */; };
		2247BA86288C369B005E25AE /* ChatModel.swift in Sources */ = {isa = PBXBuildFile; fileRef = 2247BA85288C369B005E25AE /* ChatModel.swift */; };
		227B46392A5314D900712179 /* MainView.swift in Sources */ = {isa = PBXBuildFile; fileRef = 227B46382A5314D900712179 /* MainView.swift */; };
		227B463B2A53183400712179 /* ShopView.swift in Sources */ = {isa = PBXBuildFile; fileRef = 227B463A2A53183400712179 /* ShopView.swift */; };
		22A40B872A7BE63E00E2BF6A /* StoreKit.framework in Frameworks */ = {isa = PBXBuildFile; fileRef = 22A40B862A7BE63E00E2BF6A /* StoreKit.framework */; };
		22C59C462B4DD66300DC4A3A /* FirebaseAnalytics in Frameworks */ = {isa = PBXBuildFile; productRef = 22C59C452B4DD66300DC4A3A /* FirebaseAnalytics */; };
		22C59C482B4DD66300DC4A3A /* FirebaseAnalyticsOnDeviceConversion in Frameworks */ = {isa = PBXBuildFile; productRef = 22C59C472B4DD66300DC4A3A /* FirebaseAnalyticsOnDeviceConversion */; };
		22C59C4A2B4DD66300DC4A3A /* FirebaseAnalyticsSwift in Frameworks */ = {isa = PBXBuildFile; productRef = 22C59C492B4DD66300DC4A3A /* FirebaseAnalyticsSwift */; };
		22C59C4C2B4DD66300DC4A3A /* FirebaseAnalyticsWithoutAdIdSupport in Frameworks */ = {isa = PBXBuildFile; productRef = 22C59C4B2B4DD66300DC4A3A /* FirebaseAnalyticsWithoutAdIdSupport */; };
		22C59C4E2B4DD66300DC4A3A /* FirebaseAppCheck in Frameworks */ = {isa = PBXBuildFile; productRef = 22C59C4D2B4DD66300DC4A3A /* FirebaseAppCheck */; };
		22C59C502B4DD66300DC4A3A /* FirebaseAppDistribution-Beta in Frameworks */ = {isa = PBXBuildFile; productRef = 22C59C4F2B4DD66300DC4A3A /* FirebaseAppDistribution-Beta */; };
		22C59C522B4DD66300DC4A3A /* FirebaseAuth in Frameworks */ = {isa = PBXBuildFile; productRef = 22C59C512B4DD66300DC4A3A /* FirebaseAuth */; };
		22C59C542B4DD66300DC4A3A /* FirebaseAuthCombine-Community in Frameworks */ = {isa = PBXBuildFile; productRef = 22C59C532B4DD66300DC4A3A /* FirebaseAuthCombine-Community */; };
		22C59C562B4DD66300DC4A3A /* FirebaseCrashlytics in Frameworks */ = {isa = PBXBuildFile; productRef = 22C59C552B4DD66300DC4A3A /* FirebaseCrashlytics */; };
		22C59C582B4DD66300DC4A3A /* FirebaseDatabase in Frameworks */ = {isa = PBXBuildFile; productRef = 22C59C572B4DD66300DC4A3A /* FirebaseDatabase */; };
		22C59C5A2B4DD66300DC4A3A /* FirebaseDatabaseSwift in Frameworks */ = {isa = PBXBuildFile; productRef = 22C59C592B4DD66300DC4A3A /* FirebaseDatabaseSwift */; };
		22C59C5C2B4DD66300DC4A3A /* FirebaseDynamicLinks in Frameworks */ = {isa = PBXBuildFile; productRef = 22C59C5B2B4DD66300DC4A3A /* FirebaseDynamicLinks */; };
		22C59C5E2B4DD66300DC4A3A /* FirebaseFirestore in Frameworks */ = {isa = PBXBuildFile; productRef = 22C59C5D2B4DD66300DC4A3A /* FirebaseFirestore */; };
		22C59C602B4DD66300DC4A3A /* FirebaseFirestoreCombine-Community in Frameworks */ = {isa = PBXBuildFile; productRef = 22C59C5F2B4DD66300DC4A3A /* FirebaseFirestoreCombine-Community */; };
		22C59C622B4DD66300DC4A3A /* FirebaseFirestoreSwift in Frameworks */ = {isa = PBXBuildFile; productRef = 22C59C612B4DD66300DC4A3A /* FirebaseFirestoreSwift */; };
		22C59C642B4DD66300DC4A3A /* FirebaseFunctions in Frameworks */ = {isa = PBXBuildFile; productRef = 22C59C632B4DD66300DC4A3A /* FirebaseFunctions */; };
		22C59C662B4DD66300DC4A3A /* FirebaseFunctionsCombine-Community in Frameworks */ = {isa = PBXBuildFile; productRef = 22C59C652B4DD66300DC4A3A /* FirebaseFunctionsCombine-Community */; };
		22C59C682B4DD66300DC4A3A /* FirebaseInAppMessaging-Beta in Frameworks */ = {isa = PBXBuildFile; productRef = 22C59C672B4DD66300DC4A3A /* FirebaseInAppMessaging-Beta */; };
		22C59C6A2B4DD66300DC4A3A /* FirebaseInAppMessagingSwift-Beta in Frameworks */ = {isa = PBXBuildFile; productRef = 22C59C692B4DD66300DC4A3A /* FirebaseInAppMessagingSwift-Beta */; };
		22C59C6C2B4DD66300DC4A3A /* FirebaseInstallations in Frameworks */ = {isa = PBXBuildFile; productRef = 22C59C6B2B4DD66300DC4A3A /* FirebaseInstallations */; };
		22C59C6E2B4DD66300DC4A3A /* FirebaseMLModelDownloader in Frameworks */ = {isa = PBXBuildFile; productRef = 22C59C6D2B4DD66300DC4A3A /* FirebaseMLModelDownloader */; };
		22C59C702B4DD66300DC4A3A /* FirebaseMessaging in Frameworks */ = {isa = PBXBuildFile; productRef = 22C59C6F2B4DD66300DC4A3A /* FirebaseMessaging */; };
		22C59C722B4DD66300DC4A3A /* FirebasePerformance in Frameworks */ = {isa = PBXBuildFile; productRef = 22C59C712B4DD66300DC4A3A /* FirebasePerformance */; };
		22C59C742B4DD66300DC4A3A /* FirebaseRemoteConfig in Frameworks */ = {isa = PBXBuildFile; productRef = 22C59C732B4DD66300DC4A3A /* FirebaseRemoteConfig */; };
		22C59C762B4DD66300DC4A3A /* FirebaseRemoteConfigSwift in Frameworks */ = {isa = PBXBuildFile; productRef = 22C59C752B4DD66300DC4A3A /* FirebaseRemoteConfigSwift */; };
		22C59C782B4DD66300DC4A3A /* FirebaseStorage in Frameworks */ = {isa = PBXBuildFile; productRef = 22C59C772B4DD66300DC4A3A /* FirebaseStorage */; };
		22C59C7A2B4DD66300DC4A3A /* FirebaseStorageCombine-Community in Frameworks */ = {isa = PBXBuildFile; productRef = 22C59C792B4DD66300DC4A3A /* FirebaseStorageCombine-Community */; };
		22D602122A951F83001D26E1 /* GuideView.swift in Sources */ = {isa = PBXBuildFile; fileRef = 22D602112A951F83001D26E1 /* GuideView.swift */; };
/* End PBXBuildFile section */

/* Begin PBXFileReference section */
		2202FD5528AD6F6D007FD927 /* GoogleService-Info.plist */ = {isa = PBXFileReference; fileEncoding = 4; lastKnownFileType = text.plist.xml; path = "GoogleService-Info.plist"; sourceTree = "<group>"; };
		2242FA0A2A570408002A8153 /* Model.swift */ = {isa = PBXFileReference; lastKnownFileType = sourcecode.swift; path = Model.swift; sourceTree = "<group>"; };
		2247BA74288C2EF3005E25AE /* onetimepad.app */ = {isa = PBXFileReference; explicitFileType = wrapper.application; includeInIndex = 0; path = onetimepad.app; sourceTree = BUILT_PRODUCTS_DIR; };
		2247BA77288C2EF3005E25AE /* onetimepadApp.swift */ = {isa = PBXFileReference; lastKnownFileType = sourcecode.swift; path = onetimepadApp.swift; sourceTree = "<group>"; };
		2247BA79288C2EF3005E25AE /* ChatView.swift */ = {isa = PBXFileReference; lastKnownFileType = sourcecode.swift; path = ChatView.swift; sourceTree = "<group>"; };
		2247BA7B288C2EF5005E25AE /* Assets.xcassets */ = {isa = PBXFileReference; lastKnownFileType = folder.assetcatalog; path = Assets.xcassets; sourceTree = "<group>"; };
		2247BA7E288C2EF5005E25AE /* Preview Assets.xcassets */ = {isa = PBXFileReference; lastKnownFileType = folder.assetcatalog; path = "Preview Assets.xcassets"; sourceTree = "<group>"; };
		2247BA85288C369B005E25AE /* ChatModel.swift */ = {isa = PBXFileReference; lastKnownFileType = sourcecode.swift; path = ChatModel.swift; sourceTree = "<group>"; };
		227B46362A52E94300712179 /* Info.plist */ = {isa = PBXFileReference; lastKnownFileType = text.plist; path = Info.plist; sourceTree = "<group>"; };
		227B46372A52EC4800712179 /* onetimepad.entitlements */ = {isa = PBXFileReference; lastKnownFileType = text.plist.entitlements; path = onetimepad.entitlements; sourceTree = "<group>"; };
		227B46382A5314D900712179 /* MainView.swift */ = {isa = PBXFileReference; lastKnownFileType = sourcecode.swift; path = MainView.swift; sourceTree = "<group>"; };
		227B463A2A53183400712179 /* ShopView.swift */ = {isa = PBXFileReference; lastKnownFileType = sourcecode.swift; path = ShopView.swift; sourceTree = "<group>"; };
		22A40B862A7BE63E00E2BF6A /* StoreKit.framework */ = {isa = PBXFileReference; lastKnownFileType = wrapper.framework; name = StoreKit.framework; path = System/Library/Frameworks/StoreKit.framework; sourceTree = SDKROOT; };
		22D602112A951F83001D26E1 /* GuideView.swift */ = {isa = PBXFileReference; lastKnownFileType = sourcecode.swift; path = GuideView.swift; sourceTree = "<group>"; };
/* End PBXFileReference section */

/* Begin PBXFrameworksBuildPhase section */
		2247BA71288C2EF3005E25AE /* Frameworks */ = {
			isa = PBXFrameworksBuildPhase;
			buildActionMask = 2147483647;
			files = (
				22C59C642B4DD66300DC4A3A /* FirebaseFunctions in Frameworks */,
				22C59C5A2B4DD66300DC4A3A /* FirebaseDatabaseSwift in Frameworks */,
				22C59C6A2B4DD66300DC4A3A /* FirebaseInAppMessagingSwift-Beta in Frameworks */,
				22C59C702B4DD66300DC4A3A /* FirebaseMessaging in Frameworks */,
				22C59C502B4DD66300DC4A3A /* FirebaseAppDistribution-Beta in Frameworks */,
				22C59C542B4DD66300DC4A3A /* FirebaseAuthCombine-Community in Frameworks */,
				22C59C602B4DD66300DC4A3A /* FirebaseFirestoreCombine-Community in Frameworks */,
				22C59C4A2B4DD66300DC4A3A /* FirebaseAnalyticsSwift in Frameworks */,
				22C59C6E2B4DD66300DC4A3A /* FirebaseMLModelDownloader in Frameworks */,
				22C59C4C2B4DD66300DC4A3A /* FirebaseAnalyticsWithoutAdIdSupport in Frameworks */,
				22C59C462B4DD66300DC4A3A /* FirebaseAnalytics in Frameworks */,
				22C59C622B4DD66300DC4A3A /* FirebaseFirestoreSwift in Frameworks */,
				22C59C482B4DD66300DC4A3A /* FirebaseAnalyticsOnDeviceConversion in Frameworks */,
				22C59C4E2B4DD66300DC4A3A /* FirebaseAppCheck in Frameworks */,
				22C59C722B4DD66300DC4A3A /* FirebasePerformance in Frameworks */,
				22C59C682B4DD66300DC4A3A /* FirebaseInAppMessaging-Beta in Frameworks */,
				22C59C662B4DD66300DC4A3A /* FirebaseFunctionsCombine-Community in Frameworks */,
				22C59C562B4DD66300DC4A3A /* FirebaseCrashlytics in Frameworks */,
				22C59C6C2B4DD66300DC4A3A /* FirebaseInstallations in Frameworks */,
				22C59C742B4DD66300DC4A3A /* FirebaseRemoteConfig in Frameworks */,
				22C59C782B4DD66300DC4A3A /* FirebaseStorage in Frameworks */,
				22C59C582B4DD66300DC4A3A /* FirebaseDatabase in Frameworks */,
				22C59C7A2B4DD66300DC4A3A /* FirebaseStorageCombine-Community in Frameworks */,
				22A40B872A7BE63E00E2BF6A /* StoreKit.framework in Frameworks */,
				22C59C522B4DD66300DC4A3A /* FirebaseAuth in Frameworks */,
				22C59C5C2B4DD66300DC4A3A /* FirebaseDynamicLinks in Frameworks */,
				22C59C5E2B4DD66300DC4A3A /* FirebaseFirestore in Frameworks */,
				22C59C762B4DD66300DC4A3A /* FirebaseRemoteConfigSwift in Frameworks */,
			);
			runOnlyForDeploymentPostprocessing = 0;
		};
/* End PBXFrameworksBuildPhase section */

/* Begin PBXGroup section */
		2244F3D12A74330A004EA409 /* Frameworks */ = {
			isa = PBXGroup;
			children = (
				22A40B862A7BE63E00E2BF6A /* StoreKit.framework */,
			);
			name = Frameworks;
			sourceTree = "<group>";
		};
		2247BA6B288C2EF3005E25AE = {
			isa = PBXGroup;
			children = (
				2247BA76288C2EF3005E25AE /* onetimepad */,
				2247BA75288C2EF3005E25AE /* Products */,
				2244F3D12A74330A004EA409 /* Frameworks */,
			);
			sourceTree = "<group>";
		};
		2247BA75288C2EF3005E25AE /* Products */ = {
			isa = PBXGroup;
			children = (
				2247BA74288C2EF3005E25AE /* onetimepad.app */,
			);
			name = Products;
			sourceTree = "<group>";
		};
		2247BA76288C2EF3005E25AE /* onetimepad */ = {
			isa = PBXGroup;
			children = (
				227B46372A52EC4800712179 /* onetimepad.entitlements */,
				227B46362A52E94300712179 /* Info.plist */,
				2247BA77288C2EF3005E25AE /* onetimepadApp.swift */,
				2247BA79288C2EF3005E25AE /* ChatView.swift */,
				227B46382A5314D900712179 /* MainView.swift */,
				22D602112A951F83001D26E1 /* GuideView.swift */,
				2242FA0A2A570408002A8153 /* Model.swift */,
				227B463A2A53183400712179 /* ShopView.swift */,
				2247BA85288C369B005E25AE /* ChatModel.swift */,
				2247BA7B288C2EF5005E25AE /* Assets.xcassets */,
				2202FD5528AD6F6D007FD927 /* GoogleService-Info.plist */,
				2247BA7D288C2EF5005E25AE /* Preview Content */,
			);
			path = onetimepad;
			sourceTree = "<group>";
		};
		2247BA7D288C2EF5005E25AE /* Preview Content */ = {
			isa = PBXGroup;
			children = (
				2247BA7E288C2EF5005E25AE /* Preview Assets.xcassets */,
			);
			path = "Preview Content";
			sourceTree = "<group>";
		};
/* End PBXGroup section */

/* Begin PBXNativeTarget section */
		2247BA73288C2EF3005E25AE /* onetimepad */ = {
			isa = PBXNativeTarget;
			buildConfigurationList = 2247BA82288C2EF5005E25AE /* Build configuration list for PBXNativeTarget "onetimepad" */;
			buildPhases = (
				2247BA70288C2EF3005E25AE /* Sources */,
				2247BA71288C2EF3005E25AE /* Frameworks */,
				2247BA72288C2EF3005E25AE /* Resources */,
			);
			buildRules = (
			);
			dependencies = (
			);
			name = onetimepad;
			packageProductDependencies = (
				22C59C452B4DD66300DC4A3A /* FirebaseAnalytics */,
				22C59C472B4DD66300DC4A3A /* FirebaseAnalyticsOnDeviceConversion */,
				22C59C492B4DD66300DC4A3A /* FirebaseAnalyticsSwift */,
				22C59C4B2B4DD66300DC4A3A /* FirebaseAnalyticsWithoutAdIdSupport */,
				22C59C4D2B4DD66300DC4A3A /* FirebaseAppCheck */,
				22C59C4F2B4DD66300DC4A3A /* FirebaseAppDistribution-Beta */,
				22C59C512B4DD66300DC4A3A /* FirebaseAuth */,
				22C59C532B4DD66300DC4A3A /* FirebaseAuthCombine-Community */,
				22C59C552B4DD66300DC4A3A /* FirebaseCrashlytics */,
				22C59C572B4DD66300DC4A3A /* FirebaseDatabase */,
				22C59C592B4DD66300DC4A3A /* FirebaseDatabaseSwift */,
				22C59C5B2B4DD66300DC4A3A /* FirebaseDynamicLinks */,
				22C59C5D2B4DD66300DC4A3A /* FirebaseFirestore */,
				22C59C5F2B4DD66300DC4A3A /* FirebaseFirestoreCombine-Community */,
				22C59C612B4DD66300DC4A3A /* FirebaseFirestoreSwift */,
				22C59C632B4DD66300DC4A3A /* FirebaseFunctions */,
				22C59C652B4DD66300DC4A3A /* FirebaseFunctionsCombine-Community */,
				22C59C672B4DD66300DC4A3A /* FirebaseInAppMessaging-Beta */,
				22C59C692B4DD66300DC4A3A /* FirebaseInAppMessagingSwift-Beta */,
				22C59C6B2B4DD66300DC4A3A /* FirebaseInstallations */,
				22C59C6D2B4DD66300DC4A3A /* FirebaseMLModelDownloader */,
				22C59C6F2B4DD66300DC4A3A /* FirebaseMessaging */,
				22C59C712B4DD66300DC4A3A /* FirebasePerformance */,
				22C59C732B4DD66300DC4A3A /* FirebaseRemoteConfig */,
				22C59C752B4DD66300DC4A3A /* FirebaseRemoteConfigSwift */,
				22C59C772B4DD66300DC4A3A /* FirebaseStorage */,
				22C59C792B4DD66300DC4A3A /* FirebaseStorageCombine-Community */,
			);
			productName = onetimepad;
			productReference = 2247BA74288C2EF3005E25AE /* onetimepad.app */;
			productType = "com.apple.product-type.application";
		};
/* End PBXNativeTarget section */

/* Begin PBXProject section */
		2247BA6C288C2EF3005E25AE /* Project object */ = {
			isa = PBXProject;
			attributes = {
				BuildIndependentTargetsInParallel = 1;
				LastSwiftUpdateCheck = 1340;
				LastUpgradeCheck = 1340;
				TargetAttributes = {
					2247BA73288C2EF3005E25AE = {
						CreatedOnToolsVersion = 13.4.1;
					};
				};
			};
			buildConfigurationList = 2247BA6F288C2EF3005E25AE /* Build configuration list for PBXProject "onetimepad" */;
			compatibilityVersion = "Xcode 13.0";
			developmentRegion = en;
			hasScannedForEncodings = 0;
			knownRegions = (
				en,
				Base,
			);
			mainGroup = 2247BA6B288C2EF3005E25AE;
			packageReferences = (
				22C59C442B4DD66300DC4A3A /* XCRemoteSwiftPackageReference "firebase-ios-sdk" */,
			);
			productRefGroup = 2247BA75288C2EF3005E25AE /* Products */;
			projectDirPath = "";
			projectRoot = "";
			targets = (
				2247BA73288C2EF3005E25AE /* onetimepad */,
			);
		};
/* End PBXProject section */

/* Begin PBXResourcesBuildPhase section */
		2247BA72288C2EF3005E25AE /* Resources */ = {
			isa = PBXResourcesBuildPhase;
			buildActionMask = 2147483647;
			files = (
				2247BA7F288C2EF5005E25AE /* Preview Assets.xcassets in Resources */,
				2247BA7C288C2EF5005E25AE /* Assets.xcassets in Resources */,
				2202FD5628AD6F6D007FD927 /* GoogleService-Info.plist in Resources */,
			);
			runOnlyForDeploymentPostprocessing = 0;
		};
/* End PBXResourcesBuildPhase section */

/* Begin PBXSourcesBuildPhase section */
		2247BA70288C2EF3005E25AE /* Sources */ = {
			isa = PBXSourcesBuildPhase;
			buildActionMask = 2147483647;
			files = (
				2247BA7A288C2EF3005E25AE /* ChatView.swift in Sources */,
				227B46392A5314D900712179 /* MainView.swift in Sources */,
				2247BA86288C369B005E25AE /* ChatModel.swift in Sources */,
				2242FA0B2A570408002A8153 /* Model.swift in Sources */,
				22D602122A951F83001D26E1 /* GuideView.swift in Sources */,
				227B463B2A53183400712179 /* ShopView.swift in Sources */,
				2247BA78288C2EF3005E25AE /* onetimepadApp.swift in Sources */,
			);
			runOnlyForDeploymentPostprocessing = 0;
		};
/* End PBXSourcesBuildPhase section */

/* Begin XCBuildConfiguration section */
		2247BA80288C2EF5005E25AE /* Debug */ = {
			isa = XCBuildConfiguration;
			buildSettings = {
				ALWAYS_SEARCH_USER_PATHS = NO;
				CLANG_ANALYZER_NONNULL = YES;
				CLANG_ANALYZER_NUMBER_OBJECT_CONVERSION = YES_AGGRESSIVE;
				CLANG_CXX_LANGUAGE_STANDARD = "gnu++17";
				CLANG_ENABLE_MODULES = YES;
				CLANG_ENABLE_OBJC_ARC = YES;
				CLANG_ENABLE_OBJC_WEAK = YES;
				CLANG_WARN_BLOCK_CAPTURE_AUTORELEASING = YES;
				CLANG_WARN_BOOL_CONVERSION = YES;
				CLANG_WARN_COMMA = YES;
				CLANG_WARN_CONSTANT_CONVERSION = YES;
				CLANG_WARN_DEPRECATED_OBJC_IMPLEMENTATIONS = YES;
				CLANG_WARN_DIRECT_OBJC_ISA_USAGE = YES_ERROR;
				CLANG_WARN_DOCUMENTATION_COMMENTS = YES;
				CLANG_WARN_EMPTY_BODY = YES;
				CLANG_WARN_ENUM_CONVERSION = YES;
				CLANG_WARN_INFINITE_RECURSION = YES;
				CLANG_WARN_INT_CONVERSION = YES;
				CLANG_WARN_NON_LITERAL_NULL_CONVERSION = YES;
				CLANG_WARN_OBJC_IMPLICIT_RETAIN_SELF = YES;
				CLANG_WARN_OBJC_LITERAL_CONVERSION = YES;
				CLANG_WARN_OBJC_ROOT_CLASS = YES_ERROR;
				CLANG_WARN_QUOTED_INCLUDE_IN_FRAMEWORK_HEADER = YES;
				CLANG_WARN_RANGE_LOOP_ANALYSIS = YES;
				CLANG_WARN_STRICT_PROTOTYPES = YES;
				CLANG_WARN_SUSPICIOUS_MOVE = YES;
				CLANG_WARN_UNGUARDED_AVAILABILITY = YES_AGGRESSIVE;
				CLANG_WARN_UNREACHABLE_CODE = YES;
				CLANG_WARN__DUPLICATE_METHOD_MATCH = YES;
				COPY_PHASE_STRIP = NO;
				DEBUG_INFORMATION_FORMAT = dwarf;
				ENABLE_STRICT_OBJC_MSGSEND = YES;
				ENABLE_TESTABILITY = YES;
				GCC_C_LANGUAGE_STANDARD = gnu11;
				GCC_DYNAMIC_NO_PIC = NO;
				GCC_NO_COMMON_BLOCKS = YES;
				GCC_OPTIMIZATION_LEVEL = 0;
				GCC_PREPROCESSOR_DEFINITIONS = (
					"DEBUG=1",
					"$(inherited)",
				);
				GCC_WARN_64_TO_32_BIT_CONVERSION = YES;
				GCC_WARN_ABOUT_RETURN_TYPE = YES_ERROR;
				GCC_WARN_UNDECLARED_SELECTOR = YES;
				GCC_WARN_UNINITIALIZED_AUTOS = YES_AGGRESSIVE;
				GCC_WARN_UNUSED_FUNCTION = YES;
				GCC_WARN_UNUSED_VARIABLE = YES;
				IPHONEOS_DEPLOYMENT_TARGET = 15.5;
				MTL_ENABLE_DEBUG_INFO = INCLUDE_SOURCE;
				MTL_FAST_MATH = YES;
				ONLY_ACTIVE_ARCH = YES;
				SDKROOT = iphoneos;
				SWIFT_ACTIVE_COMPILATION_CONDITIONS = DEBUG;
				SWIFT_OPTIMIZATION_LEVEL = "-Onone";
			};
			name = Debug;
		};
		2247BA81288C2EF5005E25AE /* Release */ = {
			isa = XCBuildConfiguration;
			buildSettings = {
				ALWAYS_SEARCH_USER_PATHS = NO;
				CLANG_ANALYZER_NONNULL = YES;
				CLANG_ANALYZER_NUMBER_OBJECT_CONVERSION = YES_AGGRESSIVE;
				CLANG_CXX_LANGUAGE_STANDARD = "gnu++17";
				CLANG_ENABLE_MODULES = YES;
				CLANG_ENABLE_OBJC_ARC = YES;
				CLANG_ENABLE_OBJC_WEAK = YES;
				CLANG_WARN_BLOCK_CAPTURE_AUTORELEASING = YES;
				CLANG_WARN_BOOL_CONVERSION = YES;
				CLANG_WARN_COMMA = YES;
				CLANG_WARN_CONSTANT_CONVERSION = YES;
				CLANG_WARN_DEPRECATED_OBJC_IMPLEMENTATIONS = YES;
				CLANG_WARN_DIRECT_OBJC_ISA_USAGE = YES_ERROR;
				CLANG_WARN_DOCUMENTATION_COMMENTS = YES;
				CLANG_WARN_EMPTY_BODY = YES;
				CLANG_WARN_ENUM_CONVERSION = YES;
				CLANG_WARN_INFINITE_RECURSION = YES;
				CLANG_WARN_INT_CONVERSION = YES;
				CLANG_WARN_NON_LITERAL_NULL_CONVERSION = YES;
				CLANG_WARN_OBJC_IMPLICIT_RETAIN_SELF = YES;
				CLANG_WARN_OBJC_LITERAL_CONVERSION = YES;
				CLANG_WARN_OBJC_ROOT_CLASS = YES_ERROR;
				CLANG_WARN_QUOTED_INCLUDE_IN_FRAMEWORK_HEADER = YES;
				CLANG_WARN_RANGE_LOOP_ANALYSIS = YES;
				CLANG_WARN_STRICT_PROTOTYPES = YES;
				CLANG_WARN_SUSPICIOUS_MOVE = YES;
				CLANG_WARN_UNGUARDED_AVAILABILITY = YES_AGGRESSIVE;
				CLANG_WARN_UNREACHABLE_CODE = YES;
				CLANG_WARN__DUPLICATE_METHOD_MATCH = YES;
				COPY_PHASE_STRIP = NO;
				DEBUG_INFORMATION_FORMAT = "dwarf-with-dsym";
				ENABLE_NS_ASSERTIONS = NO;
				ENABLE_STRICT_OBJC_MSGSEND = YES;
				GCC_C_LANGUAGE_STANDARD = gnu11;
				GCC_NO_COMMON_BLOCKS = YES;
				GCC_WARN_64_TO_32_BIT_CONVERSION = YES;
				GCC_WARN_ABOUT_RETURN_TYPE = YES_ERROR;
				GCC_WARN_UNDECLARED_SELECTOR = YES;
				GCC_WARN_UNINITIALIZED_AUTOS = YES_AGGRESSIVE;
				GCC_WARN_UNUSED_FUNCTION = YES;
				GCC_WARN_UNUSED_VARIABLE = YES;
				IPHONEOS_DEPLOYMENT_TARGET = 15.5;
				MTL_ENABLE_DEBUG_INFO = NO;
				MTL_FAST_MATH = YES;
				SDKROOT = iphoneos;
				SWIFT_COMPILATION_MODE = wholemodule;
				SWIFT_OPTIMIZATION_LEVEL = "-O";
				VALIDATE_PRODUCT = YES;
			};
			name = Release;
		};
		2247BA83288C2EF5005E25AE /* Debug */ = {
			isa = XCBuildConfiguration;
			buildSettings = {
				ASSETCATALOG_COMPILER_APPICON_NAME = AppIcon;
				ASSETCATALOG_COMPILER_GLOBAL_ACCENT_COLOR_NAME = AccentColor;
				CODE_SIGN_ENTITLEMENTS = onetimepad/onetimepad.entitlements;
				CODE_SIGN_IDENTITY = "Apple Development";
				CODE_SIGN_STYLE = Automatic;
				CURRENT_PROJECT_VERSION = 1;
				DEVELOPMENT_ASSET_PATHS = "\"onetimepad/Preview Content\"";
				DEVELOPMENT_TEAM = Q5G78F8D7L;
				ENABLE_PREVIEWS = YES;
				GENERATE_INFOPLIST_FILE = YES;
				INFOPLIST_FILE = onetimepad/Info.plist;
				INFOPLIST_KEY_CFBundleDisplayName = "One Time Pad";
				INFOPLIST_KEY_UIApplicationSceneManifest_Generation = YES;
				INFOPLIST_KEY_UIApplicationSupportsIndirectInputEvents = YES;
				INFOPLIST_KEY_UILaunchScreen_Generation = YES;
				INFOPLIST_KEY_UIRequiresFullScreen = YES;
				INFOPLIST_KEY_UIStatusBarStyle = "";
				INFOPLIST_KEY_UISupportedInterfaceOrientations = UIInterfaceOrientationPortrait;
				INFOPLIST_KEY_UISupportedInterfaceOrientations_iPad = "UIInterfaceOrientationLandscapeLeft UIInterfaceOrientationLandscapeRight";
				IPHONEOS_DEPLOYMENT_TARGET = 16.0;
				LD_RUNPATH_SEARCH_PATHS = (
					"$(inherited)",
					"@executable_path/Frameworks",
				);
				MARKETING_VERSION = 1.0;
				PRODUCT_BUNDLE_IDENTIFIER = sam.onetimepad;
				PRODUCT_NAME = "$(TARGET_NAME)";
				PROVISIONING_PROFILE_SPECIFIER = "";
				SUPPORTED_PLATFORMS = "iphoneos iphonesimulator";
				SUPPORTS_MACCATALYST = NO;
				SUPPORTS_MAC_DESIGNED_FOR_IPHONE_IPAD = YES;
				SWIFT_EMIT_LOC_STRINGS = YES;
				SWIFT_VERSION = 5.0;
				TARGETED_DEVICE_FAMILY = 1;
			};
			name = Debug;
		};
		2247BA84288C2EF5005E25AE /* Release */ = {
			isa = XCBuildConfiguration;
			buildSettings = {
				ASSETCATALOG_COMPILER_APPICON_NAME = AppIcon;
				ASSETCATALOG_COMPILER_GLOBAL_ACCENT_COLOR_NAME = AccentColor;
				CODE_SIGN_ENTITLEMENTS = onetimepad/onetimepad.entitlements;
				CODE_SIGN_IDENTITY = "Apple Development";
				CODE_SIGN_STYLE = Automatic;
				CURRENT_PROJECT_VERSION = 1;
				DEVELOPMENT_ASSET_PATHS = "\"onetimepad/Preview Content\"";
				DEVELOPMENT_TEAM = Q5G78F8D7L;
				ENABLE_PREVIEWS = YES;
				GENERATE_INFOPLIST_FILE = YES;
				INFOPLIST_FILE = onetimepad/Info.plist;
				INFOPLIST_KEY_CFBundleDisplayName = "One Time Pad";
				INFOPLIST_KEY_UIApplicationSceneManifest_Generation = YES;
				INFOPLIST_KEY_UIApplicationSupportsIndirectInputEvents = YES;
				INFOPLIST_KEY_UILaunchScreen_Generation = YES;
				INFOPLIST_KEY_UIRequiresFullScreen = YES;
				INFOPLIST_KEY_UIStatusBarStyle = "";
				INFOPLIST_KEY_UISupportedInterfaceOrientations = UIInterfaceOrientationPortrait;
				INFOPLIST_KEY_UISupportedInterfaceOrientations_iPad = "UIInterfaceOrientationLandscapeLeft UIInterfaceOrientationLandscapeRight";
				IPHONEOS_DEPLOYMENT_TARGET = 16.0;
				LD_RUNPATH_SEARCH_PATHS = (
					"$(inherited)",
					"@executable_path/Frameworks",
				);
				MARKETING_VERSION = 1.0;
				PRODUCT_BUNDLE_IDENTIFIER = sam.onetimepad;
				PRODUCT_NAME = "$(TARGET_NAME)";
				PROVISIONING_PROFILE_SPECIFIER = "";
				SUPPORTED_PLATFORMS = "iphoneos iphonesimulator";
				SUPPORTS_MACCATALYST = NO;
				SUPPORTS_MAC_DESIGNED_FOR_IPHONE_IPAD = YES;
				SWIFT_EMIT_LOC_STRINGS = YES;
				SWIFT_VERSION = 5.0;
				TARGETED_DEVICE_FAMILY = 1;
			};
			name = Release;
		};
/* End XCBuildConfiguration section */

/* Begin XCConfigurationList section */
		2247BA6F288C2EF3005E25AE /* Build configuration list for PBXProject "onetimepad" */ = {
			isa = XCConfigurationList;
			buildConfigurations = (
				2247BA80288C2EF5005E25AE /* Debug */,
				2247BA81288C2EF5005E25AE /* Release */,
			);
			defaultConfigurationIsVisible = 0;
			defaultConfigurationName = Release;
		};
		2247BA82288C2EF5005E25AE /* Build configuration list for PBXNativeTarget "onetimepad" */ = {
			isa = XCConfigurationList;
			buildConfigurations = (
				2247BA83288C2EF5005E25AE /* Debug */,
				2247BA84288C2EF5005E25AE /* Release */,
			);
			defaultConfigurationIsVisible = 0;
			defaultConfigurationName = Release;
		};
/* End XCConfigurationList section */

/* Begin XCRemoteSwiftPackageReference section */
		22C59C442B4DD66300DC4A3A /* XCRemoteSwiftPackageReference "firebase-ios-sdk" */ = {
			isa = XCRemoteSwiftPackageReference;
			repositoryURL = "https://github.com/firebase/firebase-ios-sdk";
			requirement = {
				kind = upToNextMajorVersion;
				minimumVersion = 10.19.1;
			};
		};
/* End XCRemoteSwiftPackageReference section */

/* Begin XCSwiftPackageProductDependency section */
		22C59C452B4DD66300DC4A3A /* FirebaseAnalytics */ = {
			isa = XCSwiftPackageProductDependency;
			package = 22C59C442B4DD66300DC4A3A /* XCRemoteSwiftPackageReference "firebase-ios-sdk" */;
			productName = FirebaseAnalytics;
		};
		22C59C472B4DD66300DC4A3A /* FirebaseAnalyticsOnDeviceConversion */ = {
			isa = XCSwiftPackageProductDependency;
			package = 22C59C442B4DD66300DC4A3A /* XCRemoteSwiftPackageReference "firebase-ios-sdk" */;
			productName = FirebaseAnalyticsOnDeviceConversion;
		};
		22C59C492B4DD66300DC4A3A /* FirebaseAnalyticsSwift */ = {
			isa = XCSwiftPackageProductDependency;
			package = 22C59C442B4DD66300DC4A3A /* XCRemoteSwiftPackageReference "firebase-ios-sdk" */;
			productName = FirebaseAnalyticsSwift;
		};
		22C59C4B2B4DD66300DC4A3A /* FirebaseAnalyticsWithoutAdIdSupport */ = {
			isa = XCSwiftPackageProductDependency;
			package = 22C59C442B4DD66300DC4A3A /* XCRemoteSwiftPackageReference "firebase-ios-sdk" */;
			productName = FirebaseAnalyticsWithoutAdIdSupport;
		};
		22C59C4D2B4DD66300DC4A3A /* FirebaseAppCheck */ = {
			isa = XCSwiftPackageProductDependency;
			package = 22C59C442B4DD66300DC4A3A /* XCRemoteSwiftPackageReference "firebase-ios-sdk" */;
			productName = FirebaseAppCheck;
		};
		22C59C4F2B4DD66300DC4A3A /* FirebaseAppDistribution-Beta */ = {
			isa = XCSwiftPackageProductDependency;
			package = 22C59C442B4DD66300DC4A3A /* XCRemoteSwiftPackageReference "firebase-ios-sdk" */;
			productName = "FirebaseAppDistribution-Beta";
		};
		22C59C512B4DD66300DC4A3A /* FirebaseAuth */ = {
			isa = XCSwiftPackageProductDependency;
			package = 22C59C442B4DD66300DC4A3A /* XCRemoteSwiftPackageReference "firebase-ios-sdk" */;
			productName = FirebaseAuth;
		};
		22C59C532B4DD66300DC4A3A /* FirebaseAuthCombine-Community */ = {
			isa = XCSwiftPackageProductDependency;
			package = 22C59C442B4DD66300DC4A3A /* XCRemoteSwiftPackageReference "firebase-ios-sdk" */;
			productName = "FirebaseAuthCombine-Community";
		};
		22C59C552B4DD66300DC4A3A /* FirebaseCrashlytics */ = {
			isa = XCSwiftPackageProductDependency;
			package = 22C59C442B4DD66300DC4A3A /* XCRemoteSwiftPackageReference "firebase-ios-sdk" */;
			productName = FirebaseCrashlytics;
		};
		22C59C572B4DD66300DC4A3A /* FirebaseDatabase */ = {
			isa = XCSwiftPackageProductDependency;
			package = 22C59C442B4DD66300DC4A3A /* XCRemoteSwiftPackageReference "firebase-ios-sdk" */;
			productName = FirebaseDatabase;
		};
		22C59C592B4DD66300DC4A3A /* FirebaseDatabaseSwift */ = {
			isa = XCSwiftPackageProductDependency;
			package = 22C59C442B4DD66300DC4A3A /* XCRemoteSwiftPackageReference "firebase-ios-sdk" */;
			productName = FirebaseDatabaseSwift;
		};
		22C59C5B2B4DD66300DC4A3A /* FirebaseDynamicLinks */ = {
			isa = XCSwiftPackageProductDependency;
			package = 22C59C442B4DD66300DC4A3A /* XCRemoteSwiftPackageReference "firebase-ios-sdk" */;
			productName = FirebaseDynamicLinks;
		};
		22C59C5D2B4DD66300DC4A3A /* FirebaseFirestore */ = {
			isa = XCSwiftPackageProductDependency;
			package = 22C59C442B4DD66300DC4A3A /* XCRemoteSwiftPackageReference "firebase-ios-sdk" */;
			productName = FirebaseFirestore;
		};
		22C59C5F2B4DD66300DC4A3A /* FirebaseFirestoreCombine-Community */ = {
			isa = XCSwiftPackageProductDependency;
			package = 22C59C442B4DD66300DC4A3A /* XCRemoteSwiftPackageReference "firebase-ios-sdk" */;
			productName = "FirebaseFirestoreCombine-Community";
		};
		22C59C612B4DD66300DC4A3A /* FirebaseFirestoreSwift */ = {
			isa = XCSwiftPackageProductDependency;
			package = 22C59C442B4DD66300DC4A3A /* XCRemoteSwiftPackageReference "firebase-ios-sdk" */;
			productName = FirebaseFirestoreSwift;
		};
		22C59C632B4DD66300DC4A3A /* FirebaseFunctions */ = {
			isa = XCSwiftPackageProductDependency;
			package = 22C59C442B4DD66300DC4A3A /* XCRemoteSwiftPackageReference "firebase-ios-sdk" */;
			productName = FirebaseFunctions;
		};
		22C59C652B4DD66300DC4A3A /* FirebaseFunctionsCombine-Community */ = {
			isa = XCSwiftPackageProductDependency;
			package = 22C59C442B4DD66300DC4A3A /* XCRemoteSwiftPackageReference "firebase-ios-sdk" */;
			productName = "FirebaseFunctionsCombine-Community";
		};
		22C59C672B4DD66300DC4A3A /* FirebaseInAppMessaging-Beta */ = {
			isa = XCSwiftPackageProductDependency;
			package = 22C59C442B4DD66300DC4A3A /* XCRemoteSwiftPackageReference "firebase-ios-sdk" */;
			productName = "FirebaseInAppMessaging-Beta";
		};
		22C59C692B4DD66300DC4A3A /* FirebaseInAppMessagingSwift-Beta */ = {
			isa = XCSwiftPackageProductDependency;
			package = 22C59C442B4DD66300DC4A3A /* XCRemoteSwiftPackageReference "firebase-ios-sdk" */;
			productName = "FirebaseInAppMessagingSwift-Beta";
		};
		22C59C6B2B4DD66300DC4A3A /* FirebaseInstallations */ = {
			isa = XCSwiftPackageProductDependency;
			package = 22C59C442B4DD66300DC4A3A /* XCRemoteSwiftPackageReference "firebase-ios-sdk" */;
			productName = FirebaseInstallations;
		};
		22C59C6D2B4DD66300DC4A3A /* FirebaseMLModelDownloader */ = {
			isa = XCSwiftPackageProductDependency;
			package = 22C59C442B4DD66300DC4A3A /* XCRemoteSwiftPackageReference "firebase-ios-sdk" */;
			productName = FirebaseMLModelDownloader;
		};
		22C59C6F2B4DD66300DC4A3A /* FirebaseMessaging */ = {
			isa = XCSwiftPackageProductDependency;
			package = 22C59C442B4DD66300DC4A3A /* XCRemoteSwiftPackageReference "firebase-ios-sdk" */;
			productName = FirebaseMessaging;
		};
		22C59C712B4DD66300DC4A3A /* FirebasePerformance */ = {
			isa = XCSwiftPackageProductDependency;
			package = 22C59C442B4DD66300DC4A3A /* XCRemoteSwiftPackageReference "firebase-ios-sdk" */;
			productName = FirebasePerformance;
		};
		22C59C732B4DD66300DC4A3A /* FirebaseRemoteConfig */ = {
			isa = XCSwiftPackageProductDependency;
			package = 22C59C442B4DD66300DC4A3A /* XCRemoteSwiftPackageReference "firebase-ios-sdk" */;
			productName = FirebaseRemoteConfig;
		};
		22C59C752B4DD66300DC4A3A /* FirebaseRemoteConfigSwift */ = {
			isa = XCSwiftPackageProductDependency;
			package = 22C59C442B4DD66300DC4A3A /* XCRemoteSwiftPackageReference "firebase-ios-sdk" */;
			productName = FirebaseRemoteConfigSwift;
		};
		22C59C772B4DD66300DC4A3A /* FirebaseStorage */ = {
			isa = XCSwiftPackageProductDependency;
			package = 22C59C442B4DD66300DC4A3A /* XCRemoteSwiftPackageReference "firebase-ios-sdk" */;
			productName = FirebaseStorage;
		};
		22C59C792B4DD66300DC4A3A /* FirebaseStorageCombine-Community */ = {
			isa = XCSwiftPackageProductDependency;
			package = 22C59C442B4DD66300DC4A3A /* XCRemoteSwiftPackageReference "firebase-ios-sdk" */;
			productName = "FirebaseStorageCombine-Community";
		};
/* End XCSwiftPackageProductDependency section */
	};
	rootObject = 2247BA6C288C2EF3005E25AE /* Project object */;
}
